// !$*UTF8*$!
{
	archiveVersion = 1;
	classes = {
	};
	objectVersion = 50;
	objects = {

/* Begin PBXBuildFile section */
		82AAA1BC5ED4A70B020B9AAD /* Pods_Todo_List.framework in Frameworks */ = {isa = PBXBuildFile; fileRef = AF340316138DD379ED790AED /* Pods_Todo_List.framework */; };
		970BC3E422A679BC00F89FAD /* AppDelegate.swift in Sources */ = {isa = PBXBuildFile; fileRef = 970BC3E322A679BC00F89FAD /* AppDelegate.swift */; };
		970BC3E622A679BC00F89FAD /* TodoListViewController.swift in Sources */ = {isa = PBXBuildFile; fileRef = 970BC3E522A679BC00F89FAD /* TodoListViewController.swift */; };
		970BC3E922A679BC00F89FAD /* Main.storyboard in Resources */ = {isa = PBXBuildFile; fileRef = 970BC3E722A679BC00F89FAD /* Main.storyboard */; };
		970BC3EB22A679BF00F89FAD /* Assets.xcassets in Resources */ = {isa = PBXBuildFile; fileRef = 970BC3EA22A679BF00F89FAD /* Assets.xcassets */; };
		970BC3EE22A679BF00F89FAD /* LaunchScreen.storyboard in Resources */ = {isa = PBXBuildFile; fileRef = 970BC3EC22A679BF00F89FAD /* LaunchScreen.storyboard */; };
		9733901622AB9B2300FBFD89 /* CategoryViewController.swift in Sources */ = {isa = PBXBuildFile; fileRef = 9733901522AB9B2300FBFD89 /* CategoryViewController.swift */; };
		9733901A22ABC64B00FBFD89 /* Item.swift in Sources */ = {isa = PBXBuildFile; fileRef = 9733901922ABC64B00FBFD89 /* Item.swift */; };
		9733901C22ABC65E00FBFD89 /* Category.swift in Sources */ = {isa = PBXBuildFile; fileRef = 9733901B22ABC65E00FBFD89 /* Category.swift */; };
/* End PBXBuildFile section */

/* Begin PBXFileReference section */
		08E5F0DD690FEFCFB614343A /* Pods-Todo-List.debug.xcconfig */ = {isa = PBXFileReference; includeInIndex = 1; lastKnownFileType = text.xcconfig; name = "Pods-Todo-List.debug.xcconfig"; path = "Target Support Files/Pods-Todo-List/Pods-Todo-List.debug.xcconfig"; sourceTree = "<group>"; };
		970BC3E022A679BC00F89FAD /* Todo-List.app */ = {isa = PBXFileReference; explicitFileType = wrapper.application; includeInIndex = 0; path = "Todo-List.app"; sourceTree = BUILT_PRODUCTS_DIR; };
		970BC3E322A679BC00F89FAD /* AppDelegate.swift */ = {isa = PBXFileReference; lastKnownFileType = sourcecode.swift; path = AppDelegate.swift; sourceTree = "<group>"; };
		970BC3E522A679BC00F89FAD /* TodoListViewController.swift */ = {isa = PBXFileReference; lastKnownFileType = sourcecode.swift; path = TodoListViewController.swift; sourceTree = "<group>"; };
		970BC3E822A679BC00F89FAD /* Base */ = {isa = PBXFileReference; lastKnownFileType = file.storyboard; name = Base; path = Base.lproj/Main.storyboard; sourceTree = "<group>"; };
		970BC3EA22A679BF00F89FAD /* Assets.xcassets */ = {isa = PBXFileReference; lastKnownFileType = folder.assetcatalog; path = Assets.xcassets; sourceTree = "<group>"; };
		970BC3ED22A679BF00F89FAD /* Base */ = {isa = PBXFileReference; lastKnownFileType = file.storyboard; name = Base; path = Base.lproj/LaunchScreen.storyboard; sourceTree = "<group>"; };
		970BC3EF22A679BF00F89FAD /* Info.plist */ = {isa = PBXFileReference; lastKnownFileType = text.plist.xml; path = Info.plist; sourceTree = "<group>"; };
		9733901522AB9B2300FBFD89 /* CategoryViewController.swift */ = {isa = PBXFileReference; lastKnownFileType = sourcecode.swift; path = CategoryViewController.swift; sourceTree = "<group>"; };
		9733901922ABC64B00FBFD89 /* Item.swift */ = {isa = PBXFileReference; lastKnownFileType = sourcecode.swift; path = Item.swift; sourceTree = "<group>"; };
		9733901B22ABC65E00FBFD89 /* Category.swift */ = {isa = PBXFileReference; lastKnownFileType = sourcecode.swift; path = Category.swift; sourceTree = "<group>"; };
		AF340316138DD379ED790AED /* Pods_Todo_List.framework */ = {isa = PBXFileReference; explicitFileType = wrapper.framework; includeInIndex = 0; path = Pods_Todo_List.framework; sourceTree = BUILT_PRODUCTS_DIR; };
		D5A4E5CFBE26226E034AFEE3 /* Pods-Todo-List.release.xcconfig */ = {isa = PBXFileReference; includeInIndex = 1; lastKnownFileType = text.xcconfig; name = "Pods-Todo-List.release.xcconfig"; path = "Target Support Files/Pods-Todo-List/Pods-Todo-List.release.xcconfig"; sourceTree = "<group>"; };
/* End PBXFileReference section */

/* Begin PBXFrameworksBuildPhase section */
		970BC3DD22A679BC00F89FAD /* Frameworks */ = {
			isa = PBXFrameworksBuildPhase;
			buildActionMask = 2147483647;
			files = (
				82AAA1BC5ED4A70B020B9AAD /* Pods_Todo_List.framework in Frameworks */,
			);
			runOnlyForDeploymentPostprocessing = 0;
		};
/* End PBXFrameworksBuildPhase section */

/* Begin PBXGroup section */
		43819D41C28B851B546156DD /* Frameworks */ = {
			isa = PBXGroup;
			children = (
				AF340316138DD379ED790AED /* Pods_Todo_List.framework */,
			);
			name = Frameworks;
			sourceTree = "<group>";
		};
		77182C8536F00DF773351921 /* Pods */ = {
			isa = PBXGroup;
			children = (
				08E5F0DD690FEFCFB614343A /* Pods-Todo-List.debug.xcconfig */,
				D5A4E5CFBE26226E034AFEE3 /* Pods-Todo-List.release.xcconfig */,
			);
			path = Pods;
			sourceTree = "<group>";
		};
		970BC3D722A679BC00F89FAD = {
			isa = PBXGroup;
			children = (
				970BC3E222A679BC00F89FAD /* Todo-List */,
				970BC3E122A679BC00F89FAD /* Products */,
				77182C8536F00DF773351921 /* Pods */,
				43819D41C28B851B546156DD /* Frameworks */,
			);
			sourceTree = "<group>";
		};
		970BC3E122A679BC00F89FAD /* Products */ = {
			isa = PBXGroup;
			children = (
				970BC3E022A679BC00F89FAD /* Todo-List.app */,
			);
			name = Products;
			sourceTree = "<group>";
		};
		970BC3E222A679BC00F89FAD /* Todo-List */ = {
			isa = PBXGroup;
			children = (
				970BC3F822A6A4B300F89FAD /* Models */,
				970BC3E322A679BC00F89FAD /* AppDelegate.swift */,
				970BC3F522A6A46C00F89FAD /* Controllers */,
				970BC3F622A6A49000F89FAD /* Views */,
				970BC3F722A6A49F00F89FAD /* Supporting files */,
				970BC3EF22A679BF00F89FAD /* Info.plist */,
			);
			path = "Todo-List";
			sourceTree = "<group>";
		};
		970BC3F522A6A46C00F89FAD /* Controllers */ = {
			isa = PBXGroup;
			children = (
				9733901522AB9B2300FBFD89 /* CategoryViewController.swift */,
				970BC3E522A679BC00F89FAD /* TodoListViewController.swift */,
			);
			path = Controllers;
			sourceTree = "<group>";
		};
		970BC3F622A6A49000F89FAD /* Views */ = {
			isa = PBXGroup;
			children = (
				970BC3E722A679BC00F89FAD /* Main.storyboard */,
			);
			path = Views;
			sourceTree = "<group>";
		};
		970BC3F722A6A49F00F89FAD /* Supporting files */ = {
			isa = PBXGroup;
			children = (
				970BC3EA22A679BF00F89FAD /* Assets.xcassets */,
				970BC3EC22A679BF00F89FAD /* LaunchScreen.storyboard */,
			);
			path = "Supporting files";
			sourceTree = "<group>";
		};
		970BC3F822A6A4B300F89FAD /* Models */ = {
			isa = PBXGroup;
			children = (
				9733901922ABC64B00FBFD89 /* Item.swift */,
				9733901B22ABC65E00FBFD89 /* Category.swift */,
			);
			path = Models;
			sourceTree = "<group>";
		};
/* End PBXGroup section */

/* Begin PBXNativeTarget section */
		970BC3DF22A679BC00F89FAD /* Todo-List */ = {
			isa = PBXNativeTarget;
			buildConfigurationList = 970BC3F222A679BF00F89FAD /* Build configuration list for PBXNativeTarget "Todo-List" */;
			buildPhases = (
				15FCCBEBA905612372C42AB5 /* [CP] Check Pods Manifest.lock */,
				970BC3DC22A679BC00F89FAD /* Sources */,
				970BC3DD22A679BC00F89FAD /* Frameworks */,
				970BC3DE22A679BC00F89FAD /* Resources */,
				B372ACCBB7BD9027CCEC9C63 /* [CP] Embed Pods Frameworks */,
			);
			buildRules = (
			);
			dependencies = (
			);
			name = "Todo-List";
			productName = "Todo-List";
			productReference = 970BC3E022A679BC00F89FAD /* Todo-List.app */;
			productType = "com.apple.product-type.application";
		};
/* End PBXNativeTarget section */

/* Begin PBXProject section */
		970BC3D822A679BC00F89FAD /* Project object */ = {
			isa = PBXProject;
			attributes = {
				LastSwiftUpdateCheck = 0940;
				LastUpgradeCheck = 0940;
				ORGANIZATIONNAME = "mahbub rahman";
				TargetAttributes = {
					970BC3DF22A679BC00F89FAD = {
						CreatedOnToolsVersion = 9.4;
					};
				};
			};
			buildConfigurationList = 970BC3DB22A679BC00F89FAD /* Build configuration list for PBXProject "Todo-List" */;
			compatibilityVersion = "Xcode 9.3";
			developmentRegion = en;
			hasScannedForEncodings = 0;
			knownRegions = (
				en,
				Base,
			);
			mainGroup = 970BC3D722A679BC00F89FAD;
			productRefGroup = 970BC3E122A679BC00F89FAD /* Products */;
			projectDirPath = "";
			projectRoot = "";
			targets = (
				970BC3DF22A679BC00F89FAD /* Todo-List */,
			);
		};
/* End PBXProject section */

/* Begin PBXResourcesBuildPhase section */
		970BC3DE22A679BC00F89FAD /* Resources */ = {
			isa = PBXResourcesBuildPhase;
			buildActionMask = 2147483647;
			files = (
				970BC3EE22A679BF00F89FAD /* LaunchScreen.storyboard in Resources */,
				970BC3EB22A679BF00F89FAD /* Assets.xcassets in Resources */,
				970BC3E922A679BC00F89FAD /* Main.storyboard in Resources */,
			);
			runOnlyForDeploymentPostprocessing = 0;
		};
/* End PBXResourcesBuildPhase section */

/* Begin PBXShellScriptBuildPhase section */
		15FCCBEBA905612372C42AB5 /* [CP] Check Pods Manifest.lock */ = {
			isa = PBXShellScriptBuildPhase;
			buildActionMask = 2147483647;
			files = (
			);
			inputPaths = (
				"${PODS_PODFILE_DIR_PATH}/Podfile.lock",
				"${PODS_ROOT}/Manifest.lock",
			);
			name = "[CP] Check Pods Manifest.lock";
			outputPaths = (
				"$(DERIVED_FILE_DIR)/Pods-Todo-List-checkManifestLockResult.txt",
			);
			runOnlyForDeploymentPostprocessing = 0;
			shellPath = /bin/sh;
			shellScript = "diff \"${PODS_PODFILE_DIR_PATH}/Podfile.lock\" \"${PODS_ROOT}/Manifest.lock\" > /dev/null\nif [ $? != 0 ] ; then\n    # print error to STDERR\n    echo \"error: The sandbox is not in sync with the Podfile.lock. Run 'pod install' or update your CocoaPods installation.\" >&2\n    exit 1\nfi\n# This output is used by Xcode 'outputs' to avoid re-running this script phase.\necho \"SUCCESS\" > \"${SCRIPT_OUTPUT_FILE_0}\"\n";
			showEnvVarsInLog = 0;
		};
		B372ACCBB7BD9027CCEC9C63 /* [CP] Embed Pods Frameworks */ = {
			isa = PBXShellScriptBuildPhase;
			buildActionMask = 2147483647;
			files = (
			);
			inputPaths = (
				"${PODS_ROOT}/Target Support Files/Pods-Todo-List/Pods-Todo-List-frameworks.sh",
				"${BUILT_PRODUCTS_DIR}/Realm/Realm.framework",
				"${BUILT_PRODUCTS_DIR}/RealmSwift/RealmSwift.framework",
			);
			name = "[CP] Embed Pods Frameworks";
			outputPaths = (
				"${TARGET_BUILD_DIR}/${FRAMEWORKS_FOLDER_PATH}/Realm.framework",
				"${TARGET_BUILD_DIR}/${FRAMEWORKS_FOLDER_PATH}/RealmSwift.framework",
			);
			runOnlyForDeploymentPostprocessing = 0;
			shellPath = /bin/sh;
			shellScript = "\"${PODS_ROOT}/Target Support Files/Pods-Todo-List/Pods-Todo-List-frameworks.sh\"\n";
			showEnvVarsInLog = 0;
		};
/* End PBXShellScriptBuildPhase section */

/* Begin PBXSourcesBuildPhase section */
		970BC3DC22A679BC00F89FAD /* Sources */ = {
			isa = PBXSourcesBuildPhase;
			buildActionMask = 2147483647;
			files = (
				9733901A22ABC64B00FBFD89 /* Item.swift in Sources */,
				9733901622AB9B2300FBFD89 /* CategoryViewController.swift in Sources */,
				970BC3E622A679BC00F89FAD /* TodoListViewController.swift in Sources */,
				970BC3E422A679BC00F89FAD /* AppDelegate.swift in Sources */,
				9733901C22ABC65E00FBFD89 /* Category.swift in Sources */,
			);
			runOnlyForDeploymentPostprocessing = 0;
		};
/* End PBXSourcesBuildPhase section */

/* Begin PBXVariantGroup section */
		970BC3E722A679BC00F89FAD /* Main.storyboard */ = {
			isa = PBXVariantGroup;
			children = (
				970BC3E822A679BC00F89FAD /* Base */,
			);
			name = Main.storyboard;
			sourceTree = "<group>";
		};
		970BC3EC22A679BF00F89FAD /* LaunchScreen.storyboard */ = {
			isa = PBXVariantGroup;
			children = (
				970BC3ED22A679BF00F89FAD /* Base */,
			);
			name = LaunchScreen.storyboard;
			sourceTree = "<group>";
		};
/* End PBXVariantGroup section */

/* Begin XCBuildConfiguration section */
		970BC3F022A679BF00F89FAD /* Debug */ = {
			isa = XCBuildConfiguration;
			buildSettings = {
				ALWAYS_SEARCH_USER_PATHS = NO;
				CLANG_ANALYZER_NONNULL = YES;
				CLANG_ANALYZER_NUMBER_OBJECT_CONVERSION = YES_AGGRESSIVE;
				CLANG_CXX_LANGUAGE_STANDARD = "gnu++14";
				CLANG_CXX_LIBRARY = "libc++";
				CLANG_ENABLE_MODULES = YES;
				CLANG_ENABLE_OBJC_ARC = YES;
				CLANG_ENABLE_OBJC_WEAK = YES;
				CLANG_WARN_BLOCK_CAPTURE_AUTORELEASING = YES;
				CLANG_WARN_BOOL_CONVERSION = YES;
				CLANG_WARN_COMMA = YES;
				CLANG_WARN_CONSTANT_CONVERSION = YES;
				CLANG_WARN_DEPRECATED_OBJC_IMPLEMENTATIONS = YES;
				CLANG_WARN_DIRECT_OBJC_ISA_USAGE = YES_ERROR;
				CLANG_WARN_DOCUMENTATION_COMMENTS = YES;
				CLANG_WARN_EMPTY_BODY = YES;
				CLANG_WARN_ENUM_CONVERSION = YES;
				CLANG_WARN_INFINITE_RECURSION = YES;
				CLANG_WARN_INT_CONVERSION = YES;
				CLANG_WARN_NON_LITERAL_NULL_CONVERSION = YES;
				CLANG_WARN_OBJC_IMPLICIT_RETAIN_SELF = YES;
				CLANG_WARN_OBJC_LITERAL_CONVERSION = YES;
				CLANG_WARN_OBJC_ROOT_CLASS = YES_ERROR;
				CLANG_WARN_RANGE_LOOP_ANALYSIS = YES;
				CLANG_WARN_STRICT_PROTOTYPES = YES;
				CLANG_WARN_SUSPICIOUS_MOVE = YES;
				CLANG_WARN_UNGUARDED_AVAILABILITY = YES_AGGRESSIVE;
				CLANG_WARN_UNREACHABLE_CODE = YES;
				CLANG_WARN__DUPLICATE_METHOD_MATCH = YES;
				CODE_SIGN_IDENTITY = "iPhone Developer";
				COPY_PHASE_STRIP = NO;
				DEBUG_INFORMATION_FORMAT = dwarf;
				ENABLE_STRICT_OBJC_MSGSEND = YES;
				ENABLE_TESTABILITY = YES;
				GCC_C_LANGUAGE_STANDARD = gnu11;
				GCC_DYNAMIC_NO_PIC = NO;
				GCC_NO_COMMON_BLOCKS = YES;
				GCC_OPTIMIZATION_LEVEL = 0;
				GCC_PREPROCESSOR_DEFINITIONS = (
					"DEBUG=1",
					"$(inherited)",
				);
				GCC_WARN_64_TO_32_BIT_CONVERSION = YES;
				GCC_WARN_ABOUT_RETURN_TYPE = YES_ERROR;
				GCC_WARN_UNDECLARED_SELECTOR = YES;
				GCC_WARN_UNINITIALIZED_AUTOS = YES_AGGRESSIVE;
				GCC_WARN_UNUSED_FUNCTION = YES;
				GCC_WARN_UNUSED_VARIABLE = YES;
				IPHONEOS_DEPLOYMENT_TARGET = 11.4;
				MTL_ENABLE_DEBUG_INFO = YES;
				ONLY_ACTIVE_ARCH = YES;
				SDKROOT = iphoneos;
				SWIFT_ACTIVE_COMPILATION_CONDITIONS = DEBUG;
				SWIFT_OPTIMIZATION_LEVEL = "-Onone";
			};
			name = Debug;
		};
		970BC3F122A679BF00F89FAD /* Release */ = {
			isa = XCBuildConfiguration;
			buildSettings = {
				ALWAYS_SEARCH_USER_PATHS = NO;
				CLANG_ANALYZER_NONNULL = YES;
				CLANG_ANALYZER_NUMBER_OBJECT_CONVERSION = YES_AGGRESSIVE;
				CLANG_CXX_LANGUAGE_STANDARD = "gnu++14";
				CLANG_CXX_LIBRARY = "libc++";
				CLANG_ENABLE_MODULES = YES;
				CLANG_ENABLE_OBJC_ARC = YES;
				CLANG_ENABLE_OBJC_WEAK = YES;
				CLANG_WARN_BLOCK_CAPTURE_AUTORELEASING = YES;
				CLANG_WARN_BOOL_CONVERSION = YES;
				CLANG_WARN_COMMA = YES;
				CLANG_WARN_CONSTANT_CONVERSION = YES;
				CLANG_WARN_DEPRECATED_OBJC_IMPLEMENTATIONS = YES;
				CLANG_WARN_DIRECT_OBJC_ISA_USAGE = YES_ERROR;
				CLANG_WARN_DOCUMENTATION_COMMENTS = YES;
				CLANG_WARN_EMPTY_BODY = YES;
				CLANG_WARN_ENUM_CONVERSION = YES;
				CLANG_WARN_INFINITE_RECURSION = YES;
				CLANG_WARN_INT_CONVERSION = YES;
				CLANG_WARN_NON_LITERAL_NULL_CONVERSION = YES;
				CLANG_WARN_OBJC_IMPLICIT_RETAIN_SELF = YES;
				CLANG_WARN_OBJC_LITERAL_CONVERSION = YES;
				CLANG_WARN_OBJC_ROOT_CLASS = YES_ERROR;
				CLANG_WARN_RANGE_LOOP_ANALYSIS = YES;
				CLANG_WARN_STRICT_PROTOTYPES = YES;
				CLANG_WARN_SUSPICIOUS_MOVE = YES;
				CLANG_WARN_UNGUARDED_AVAILABILITY = YES_AGGRESSIVE;
				CLANG_WARN_UNREACHABLE_CODE = YES;
				CLANG_WARN__DUPLICATE_METHOD_MATCH = YES;
				CODE_SIGN_IDENTITY = "iPhone Developer";
				COPY_PHASE_STRIP = NO;
				DEBUG_INFORMATION_FORMAT = "dwarf-with-dsym";
				ENABLE_NS_ASSERTIONS = NO;
				ENABLE_STRICT_OBJC_MSGSEND = YES;
				GCC_C_LANGUAGE_STANDARD = gnu11;
				GCC_NO_COMMON_BLOCKS = YES;
				GCC_WARN_64_TO_32_BIT_CONVERSION = YES;
				GCC_WARN_ABOUT_RETURN_TYPE = YES_ERROR;
				GCC_WARN_UNDECLARED_SELECTOR = YES;
				GCC_WARN_UNINITIALIZED_AUTOS = YES_AGGRESSIVE;
				GCC_WARN_UNUSED_FUNCTION = YES;
				GCC_WARN_UNUSED_VARIABLE = YES;
				IPHONEOS_DEPLOYMENT_TARGET = 11.4;
				MTL_ENABLE_DEBUG_INFO = NO;
				SDKROOT = iphoneos;
				SWIFT_COMPILATION_MODE = wholemodule;
				SWIFT_OPTIMIZATION_LEVEL = "-O";
				VALIDATE_PRODUCT = YES;
			};
			name = Release;
		};
		970BC3F322A679BF00F89FAD /* Debug */ = {
			isa = XCBuildConfiguration;
			baseConfigurationReference = 08E5F0DD690FEFCFB614343A /* Pods-Todo-List.debug.xcconfig */;
			buildSettings = {
				ASSETCATALOG_COMPILER_APPICON_NAME = AppIcon;
				CODE_SIGN_STYLE = Automatic;
				DEVELOPMENT_TEAM = QVC4FKXZAB;
				INFOPLIST_FILE = "Todo-List/Info.plist";
				LD_RUNPATH_SEARCH_PATHS = (
					"$(inherited)",
					"@executable_path/Frameworks",
				);
				PRODUCT_BUNDLE_IDENTIFIER = "com.mahbub.Todo-List";
				PRODUCT_NAME = "$(TARGET_NAME)";
				SWIFT_VERSION = 4.0;
				TARGETED_DEVICE_FAMILY = "1,2";
			};
			name = Debug;
		};
		970BC3F422A679BF00F89FAD /* Release */ = {
			isa = XCBuildConfiguration;
			baseConfigurationReference = D5A4E5CFBE26226E034AFEE3 /* Pods-Todo-List.release.xcconfig */;
			buildSettings = {
				ASSETCATALOG_COMPILER_APPICON_NAME = AppIcon;
				CODE_SIGN_STYLE = Automatic;
				DEVELOPMENT_TEAM = QVC4FKXZAB;
				INFOPLIST_FILE = "Todo-List/Info.plist";
				LD_RUNPATH_SEARCH_PATHS = (
					"$(inherited)",
					"@executable_path/Frameworks",
				);
				PRODUCT_BUNDLE_IDENTIFIER = "com.mahbub.Todo-List";
				PRODUCT_NAME = "$(TARGET_NAME)";
				SWIFT_VERSION = 4.0;
				TARGETED_DEVICE_FAMILY = "1,2";
			};
			name = Release;
		};
/* End XCBuildConfiguration section */

/* Begin XCConfigurationList section */
		970BC3DB22A679BC00F89FAD /* Build configuration list for PBXProject "Todo-List" */ = {
			isa = XCConfigurationList;
			buildConfigurations = (
				970BC3F022A679BF00F89FAD /* Debug */,
				970BC3F122A679BF00F89FAD /* Release */,
			);
			defaultConfigurationIsVisible = 0;
			defaultConfigurationName = Release;
		};
		970BC3F222A679BF00F89FAD /* Build configuration list for PBXNativeTarget "Todo-List" */ = {
			isa = XCConfigurationList;
			buildConfigurations = (
				970BC3F322A679BF00F89FAD /* Debug */,
				970BC3F422A679BF00F89FAD /* Release */,
			);
			defaultConfigurationIsVisible = 0;
			defaultConfigurationName = Release;
		};
/* End XCConfigurationList section */
	};
	rootObject = 970BC3D822A679BC00F89FAD /* Project object */;
}
